
Microsoft Visual Studio Solution File, Format Version 12.00
# Visual Studio Version 17
VisualStudioVersion = 17.9.34728.123
MinimumVisualStudioVersion = 10.0.40219.1
Project("{FAE04EC0-301F-11D3-BF4B-00C04F79EFBC}") = "ChessGame", "ChessGame.csproj", "{2CDF16AA-B5C7-4AAA-8151-8E1EC2542701}"
EndProject
Global
	GlobalSection(SolutionConfigurationPlatforms) = preSolution
		Debug|Any CPU = Debug|Any CPU
		Release|Any CPU = Release|Any CPU
	EndGlobalSection
	GlobalSection(ProjectConfigurationPlatforms) = postSolution
		{2CDF16AA-B5C7-4AAA-8151-8E1EC2542701}.Debug|Any CPU.ActiveCfg = Debug|Any CPU
		{2CDF16AA-B5C7-4AAA-8151-8E1EC2542701}.Debug|Any CPU.Build.0 = Debug|Any CPU
		{2CDF16AA-B5C7-4AAA-8151-8E1EC2542701}.Release|Any CPU.ActiveCfg = Release|Any CPU
		{2CDF16AA-B5C7-4AAA-8151-8E1EC2542701}.Release|Any CPU.Build.0 = Release|Any CPU
	EndGlobalSection
	GlobalSection(SolutionProperties) = preSolution
		HideSolutionNode = FALSE
	EndGlobalSection
	GlobalSection(ExtensibilityGlobals) = postSolution
		SolutionGuid = {87648184-372C-4429-9C85-9E277AC67528}
	EndGlobalSection
EndGlobal
